// !$*UTF8*$!
{
	archiveVersion = 1;
	classes = {
	};
	objectVersion = 77;
	objects = {

/* Begin PBXBuildFile section */
		34B0990E2FE58D1200360BDC /* GoogleService-Info.plist in Resources */ = {isa = PBXBuildFile; fileRef = 34B0990D2FE58D1200360BDC /* GoogleService-Info.plist */; };
		34B0990F2FE58D1200360BDC /* GoogleService-Info.plist in Resources */ = {isa = PBXBuildFile; fileRef = 34B0990D2FE58D1200360BDC /* GoogleService-Info.plist */; };
		34B099102FE58D1200360BDC /* GoogleService-Info.plist in Resources */ = {isa = PBXBuildFile; fileRef = 34B0990D2FE58D1200360BDC /* GoogleService-Info.plist */; };
		34B099222FE635B600360BDC /* SocialFeedCore in Frameworks */ = {isa = PBXBuildFile; productRef = 34B099212FE635B600360BDC /* SocialFeedCore */; };
		34B099242FE635BD00360BDC /* SocialFeedFirebase in Frameworks */ = {isa = PBXBuildFile; productRef = 34B099232FE635BD00360BDC /* SocialFeedFirebase */; };
/* End PBXBuildFile section */

/* Begin PBXContainerItemProxy section */
		34B098EF2FE5875F00360BDC /* PBXContainerItemProxy */ = {
			isa = PBXContainerItemProxy;
			containerPortal = 34B098D92FE5875C00360BDC /* Project object */;
			proxyType = 1;
			remoteGlobalIDString = 34B098E02FE5875C00360BDC;
			remoteInfo = SocialFeed;
		};
		34B098F92FE5875F00360BDC /* PBXContainerItemProxy */ = {
			isa = PBXContainerItemProxy;
			containerPortal = 34B098D92FE5875C00360BDC /* Project object */;
			proxyType = 1;
			remoteGlobalIDString = 34B098E02FE5875C00360BDC;
			remoteInfo = SocialFeed;
		};
/* End PBXContainerItemProxy section */

/* Begin PBXFileReference section */
		34B098E12FE5875C00360BDC /* SocialFeed.app */ = {isa = PBXFileReference; explicitFileType = wrapper.application; includeInIndex = 0; path = SocialFeed.app; sourceTree = BUILT_PRODUCTS_DIR; };
		34B098EE2FE5875F00360BDC /* SocialFeedTests.xctest */ = {isa = PBXFileReference; explicitFileType = wrapper.cfbundle; includeInIndex = 0; path = SocialFeedTests.xctest; sourceTree = BUILT_PRODUCTS_DIR; };
		34B098F82FE5875F00360BDC /* SocialFeedUITests.xctest */ = {isa = PBXFileReference; explicitFileType = wrapper.cfbundle; includeInIndex = 0; path = SocialFeedUITests.xctest; sourceTree = BUILT_PRODUCTS_DIR; };
		34B0990D2FE58D1200360BDC /* GoogleService-Info.plist */ = {isa = PBXFileReference; lastKnownFileType = text.plist.xml; path = "GoogleService-Info.plist"; sourceTree = "<group>"; };
/* End PBXFileReference section */

/* Begin PBXFileSystemSynchronizedRootGroup section */
		34B098E32FE5875C00360BDC /* SocialFeed */ = {
			isa = PBXFileSystemSynchronizedRootGroup;
			path = SocialFeed;
			sourceTree = "<group>";
		};
		34B098F12FE5875F00360BDC /* SocialFeedTests */ = {
			isa = PBXFileSystemSynchronizedRootGroup;
			path = SocialFeedTests;
			sourceTree = "<group>";
		};
		34B098FB2FE5875F00360BDC /* SocialFeedUITests */ = {
			isa = PBXFileSystemSynchronizedRootGroup;
			path = SocialFeedUITests;
			sourceTree = "<group>";
		};
/* End PBXFileSystemSynchronizedRootGroup section */

/* Begin PBXFrameworksBuildPhase section */
		34B098DE2FE5875C00360BDC /* Frameworks */ = {
			isa = PBXFrameworksBuildPhase;
			buildActionMask = 2147483647;
			files = (
				34B099242FE635BD00360BDC /* SocialFeedFirebase in Frameworks */,
				34B099222FE635B600360BDC /* SocialFeedCore in Frameworks */,
			);
			runOnlyForDeploymentPostprocessing = 0;
		};
		34B098EB2FE5875F00360BDC /* Frameworks */ = {
			isa = PBXFrameworksBuildPhase;
			buildActionMask = 2147483647;
			files = (
			);
			runOnlyForDeploymentPostprocessing = 0;
		};
		34B098F52FE5875F00360BDC /* Frameworks */ = {
			isa = PBXFrameworksBuildPhase;
			buildActionMask = 2147483647;
			files = (
			);
			runOnlyForDeploymentPostprocessing = 0;
		};
/* End PBXFrameworksBuildPhase section */

/* Begin PBXGroup section */
		34B098D82FE5875C00360BDC = {
			isa = PBXGroup;
			children = (
				34B098E32FE5875C00360BDC /* SocialFeed */,
				34B098F12FE5875F00360BDC /* SocialFeedTests */,
				34B098FB2FE5875F00360BDC /* SocialFeedUITests */,
				34B098E22FE5875C00360BDC /* Products */,
				34B0990D2FE58D1200360BDC /* GoogleService-Info.plist */,
				34B099202FE635B600360BDC /* Frameworks */,
			);
			sourceTree = "<group>";
		};
		34B098E22FE5875C00360BDC /* Products */ = {
			isa = PBXGroup;
			children = (
				34B098E12FE5875C00360BDC /* SocialFeed.app */,
				34B098EE2FE5875F00360BDC /* SocialFeedTests.xctest */,
				34B098F82FE5875F00360BDC /* SocialFeedUITests.xctest */,
			);
			name = Products;
			sourceTree = "<group>";
		};
		34B099202FE635B600360BDC /* Frameworks */ = {
			isa = PBXGroup;
			children = (
			);
			name = Frameworks;
			sourceTree = "<group>";
		};
/* End PBXGroup section */

/* Begin PBXNativeTarget section */
		34B098E02FE5875C00360BDC /* SocialFeed */ = {
			isa = PBXNativeTarget;
			buildConfigurationList = 34B099022FE5875F00360BDC /* Build configuration list for PBXNativeTarget "SocialFeed" */;
			buildPhases = (
				34B098DD2FE5875C00360BDC /* Sources */,
				34B098DE2FE5875C00360BDC /* Frameworks */,
				34B098DF2FE5875C00360BDC /* Resources */,
			);
			buildRules = (
			);
			dependencies = (
			);
			fileSystemSynchronizedGroups = (
				34B098E32FE5875C00360BDC /* SocialFeed */,
			);
			name = SocialFeed;
			packageProductDependencies = (
				34B099212FE635B600360BDC /* SocialFeedCore */,
				34B099232FE635BD00360BDC /* SocialFeedFirebase */,
			);
			productName = SocialFeed;
			productReference = 34B098E12FE5875C00360BDC /* SocialFeed.app */;
			productType = "com.apple.product-type.application";
		};
		34B098ED2FE5875F00360BDC /* SocialFeedTests */ = {
			isa = PBXNativeTarget;
			buildConfigurationList = 34B099052FE5875F00360BDC /* Build configuration list for PBXNativeTarget "SocialFeedTests" */;
			buildPhases = (
				34B098EA2FE5875F00360BDC /* Sources */,
				34B098EB2FE5875F00360BDC /* Frameworks */,
				34B098EC2FE5875F00360BDC /* Resources */,
			);
			buildRules = (
			);
			dependencies = (
				34B098F02FE5875F00360BDC /* PBXTargetDependency */,
			);
			fileSystemSynchronizedGroups = (
				34B098F12FE5875F00360BDC /* SocialFeedTests */,
			);
			name = SocialFeedTests;
			packageProductDependencies = (
			);
			productName = SocialFeedTests;
			productReference = 34B098EE2FE5875F00360BDC /* SocialFeedTests.xctest */;
			productType = "com.apple.product-type.bundle.unit-test";
		};
		34B098F72FE5875F00360BDC /* SocialFeedUITests */ = {
			isa = PBXNativeTarget;
			buildConfigurationList = 34B099082FE5875F00360BDC /* Build configuration list for PBXNativeTarget "SocialFeedUITests" */;
			buildPhases = (
				34B098F42FE5875F00360BDC /* Sources */,
				34B098F52FE5875F00360BDC /* Frameworks */,
				34B098F62FE5875F00360BDC /* Resources */,
			);
			buildRules = (
			);
			dependencies = (
				34B098FA2FE5875F00360BDC /* PBXTargetDependency */,
			);
			fileSystemSynchronizedGroups = (
				34B098FB2FE5875F00360BDC /* SocialFeedUITests */,
			);
			name = SocialFeedUITests;
			packageProductDependencies = (
			);
			productName = SocialFeedUITests;
			productReference = 34B098F82FE5875F00360BDC /* SocialFeedUITests.xctest */;
			productType = "com.apple.product-type.bundle.ui-testing";
		};
/* End PBXNativeTarget section */

/* Begin PBXProject section */
		34B098D92FE5875C00360BDC /* Project object */ = {
			isa = PBXProject;
			attributes = {
				BuildIndependentTargetsInParallel = 1;
				LastSwiftUpdateCheck = 2650;
				LastUpgradeCheck = 2650;
				TargetAttributes = {
					34B098E02FE5875C00360BDC = {
						CreatedOnToolsVersion = 26.5;
					};
					34B098ED2FE5875F00360BDC = {
						CreatedOnToolsVersion = 26.5;
						TestTargetID = 34B098E02FE5875C00360BDC;
					};
					34B098F72FE5875F00360BDC = {
						CreatedOnToolsVersion = 26.5;
						TestTargetID = 34B098E02FE5875C00360BDC;
					};
				};
			};
			buildConfigurationList = 34B098DC2FE5875C00360BDC /* Build configuration list for PBXProject "SocialFeed" */;
			developmentRegion = en;
			hasScannedForEncodings = 0;
			knownRegions = (
				en,
				Base,
			);
			mainGroup = 34B098D82FE5875C00360BDC;
			minimizedProjectReferenceProxies = 1;
			packageReferences = (
				34B0990B2FE587DA00360BDC /* XCLocalSwiftPackageReference "../../Packages/SocialFeedCore" */,
				34B0990C2FE58CFA00360BDC /* XCLocalSwiftPackageReference "../../Packages/SocialFeedFirebase" */,
				34B099112FE58F6600360BDC /* XCRemoteSwiftPackageReference "firebase-ios-sdk" */,
			);
			preferredProjectObjectVersion = 77;
			productRefGroup = 34B098E22FE5875C00360BDC /* Products */;
			projectDirPath = "";
			projectRoot = "";
			targets = (
				34B098E02FE5875C00360BDC /* SocialFeed */,
				34B098ED2FE5875F00360BDC /* SocialFeedTests */,
				34B098F72FE5875F00360BDC /* SocialFeedUITests */,
			);
		};
/* End PBXProject section */

/* Begin PBXResourcesBuildPhase section */
		34B098DF2FE5875C00360BDC /* Resources */ = {
			isa = PBXResourcesBuildPhase;
			buildActionMask = 2147483647;
			files = (
				34B099102FE58D1200360BDC /* GoogleService-Info.plist in Resources */,
			);
			runOnlyForDeploymentPostprocessing = 0;
		};
		34B098EC2FE5875F00360BDC /* Resources */ = {
			isa = PBXResourcesBuildPhase;
			buildActionMask = 2147483647;
			files = (
				34B0990F2FE58D1200360BDC /* GoogleService-Info.plist in Resources */,
			);
			runOnlyForDeploymentPostprocessing = 0;
		};
		34B098F62FE5875F00360BDC /* Resources */ = {
			isa = PBXResourcesBuildPhase;
			buildActionMask = 2147483647;
			files = (
				34B0990E2FE58D1200360BDC /* GoogleService-Info.plist in Resources */,
			);
			runOnlyForDeploymentPostprocessing = 0;
		};
/* End PBXResourcesBuildPhase section */

/* Begin PBXSourcesBuildPhase section */
		34B098DD2FE5875C00360BDC /* Sources */ = {
			isa = PBXSourcesBuildPhase;
			buildActionMask = 2147483647;
			files = (
			);
			runOnlyForDeploymentPostprocessing = 0;
		};
		34B098EA2FE5875F00360BDC /* Sources */ = {
			isa = PBXSourcesBuildPhase;
			buildActionMask = 2147483647;
			files = (
			);
			runOnlyForDeploymentPostprocessing = 0;
		};
		34B098F42FE5875F00360BDC /* Sources */ = {
			isa = PBXSourcesBuildPhase;
			buildActionMask = 2147483647;
			files = (
			);
			runOnlyForDeploymentPostprocessing = 0;
		};
/* End PBXSourcesBuildPhase section */

/* Begin PBXTargetDependency section */
		34B098F02FE5875F00360BDC /* PBXTargetDependency */ = {
			isa = PBXTargetDependency;
			target = 34B098E02FE5875C00360BDC /* SocialFeed */;
			targetProxy = 34B098EF2FE5875F00360BDC /* PBXContainerItemProxy */;
		};
		34B098FA2FE5875F00360BDC /* PBXTargetDependency */ = {
			isa = PBXTargetDependency;
			target = 34B098E02FE5875C00360BDC /* SocialFeed */;
			targetProxy = 34B098F92FE5875F00360BDC /* PBXContainerItemProxy */;
		};
/* End PBXTargetDependency section */

/* Begin XCBuildConfiguration section */
		34B099002FE5875F00360BDC /* Debug */ = {
			isa = XCBuildConfiguration;
			buildSettings = {
				ALWAYS_SEARCH_USER_PATHS = NO;
				ASSETCATALOG_COMPILER_GENERATE_SWIFT_ASSET_SYMBOL_EXTENSIONS = YES;
				CLANG_ANALYZER_NONNULL = YES;
				CLANG_ANALYZER_NUMBER_OBJECT_CONVERSION = YES_AGGRESSIVE;
				CLANG_CXX_LANGUAGE_STANDARD = "gnu++20";
				CLANG_ENABLE_MODULES = YES;
				CLANG_ENABLE_OBJC_ARC = YES;
				CLANG_ENABLE_OBJC_WEAK = YES;
				CLANG_WARN_BLOCK_CAPTURE_AUTORELEASING = YES;
				CLANG_WARN_BOOL_CONVERSION = YES;
				CLANG_WARN_COMMA = YES;
				CLANG_WARN_CONSTANT_CONVERSION = YES;
				CLANG_WARN_DEPRECATED_OBJC_IMPLEMENTATIONS = YES;
				CLANG_WARN_DIRECT_OBJC_ISA_USAGE = YES_ERROR;
				CLANG_WARN_DOCUMENTATION_COMMENTS = YES;
				CLANG_WARN_EMPTY_BODY = YES;
				CLANG_WARN_ENUM_CONVERSION = YES;
				CLANG_WARN_INFINITE_RECURSION = YES;
				CLANG_WARN_INT_CONVERSION = YES;
				CLANG_WARN_NON_LITERAL_NULL_CONVERSION = YES;
				CLANG_WARN_OBJC_IMPLICIT_RETAIN_SELF = YES;
				CLANG_WARN_OBJC_LITERAL_CONVERSION = YES;
				CLANG_WARN_OBJC_ROOT_CLASS = YES_ERROR;
				CLANG_WARN_QUOTED_INCLUDE_IN_FRAMEWORK_HEADER = YES;
				CLANG_WARN_RANGE_LOOP_ANALYSIS = YES;
				CLANG_WARN_STRICT_PROTOTYPES = YES;
				CLANG_WARN_SUSPICIOUS_MOVE = YES;
				CLANG_WARN_UNGUARDED_AVAILABILITY = YES_AGGRESSIVE;
				CLANG_WARN_UNREACHABLE_CODE = YES;
				CLANG_WARN__DUPLICATE_METHOD_MATCH = YES;
				COPY_PHASE_STRIP = NO;
				DEBUG_INFORMATION_FORMAT = dwarf;
				ENABLE_STRICT_OBJC_MSGSEND = YES;
				ENABLE_TESTABILITY = YES;
				ENABLE_USER_SCRIPT_SANDBOXING = YES;
				GCC_C_LANGUAGE_STANDARD = gnu17;
				GCC_DYNAMIC_NO_PIC = NO;
				GCC_NO_COMMON_BLOCKS = YES;
				GCC_OPTIMIZATION_LEVEL = 0;
				GCC_PREPROCESSOR_DEFINITIONS = (
					"DEBUG=1",
					"$(inherited)",
				);
				GCC_WARN_64_TO_32_BIT_CONVERSION = YES;
				GCC_WARN_ABOUT_RETURN_TYPE = YES_ERROR;
				GCC_WARN_UNDECLARED_SELECTOR = YES;
				GCC_WARN_UNINITIALIZED_AUTOS = YES_AGGRESSIVE;
				GCC_WARN_UNUSED_FUNCTION = YES;
				GCC_WARN_UNUSED_VARIABLE = YES;
				LOCALIZATION_PREFERS_STRING_CATALOGS = YES;
				MTL_ENABLE_DEBUG_INFO = INCLUDE_SOURCE;
				MTL_FAST_MATH = YES;
				ONLY_ACTIVE_ARCH = YES;
				SWIFT_ACTIVE_COMPILATION_CONDITIONS = "DEBUG $(inherited)";
				SWIFT_OPTIMIZATION_LEVEL = "-Onone";
			};
			name = Debug;
		};
		34B099012FE5875F00360BDC /* Release */ = {
			isa = XCBuildConfiguration;
			buildSettings = {
				ALWAYS_SEARCH_USER_PATHS = NO;
				ASSETCATALOG_COMPILER_GENERATE_SWIFT_ASSET_SYMBOL_EXTENSIONS = YES;
				CLANG_ANALYZER_NONNULL = YES;
				CLANG_ANALYZER_NUMBER_OBJECT_CONVERSION = YES_AGGRESSIVE;
				CLANG_CXX_LANGUAGE_STANDARD = "gnu++20";
				CLANG_ENABLE_MODULES = YES;
				CLANG_ENABLE_OBJC_ARC = YES;
				CLANG_ENABLE_OBJC_WEAK = YES;
				CLANG_WARN_BLOCK_CAPTURE_AUTORELEASING = YES;
				CLANG_WARN_BOOL_CONVERSION = YES;
				CLANG_WARN_COMMA = YES;
				CLANG_WARN_CONSTANT_CONVERSION = YES;
				CLANG_WARN_DEPRECATED_OBJC_IMPLEMENTATIONS = YES;
				CLANG_WARN_DIRECT_OBJC_ISA_USAGE = YES_ERROR;
				CLANG_WARN_DOCUMENTATION_COMMENTS = YES;
				CLANG_WARN_EMPTY_BODY = YES;
				CLANG_WARN_ENUM_CONVERSION = YES;
				CLANG_WARN_INFINITE_RECURSION = YES;
				CLANG_WARN_INT_CONVERSION = YES;
				CLANG_WARN_NON_LITERAL_NULL_CONVERSION = YES;
				CLANG_WARN_OBJC_IMPLICIT_RETAIN_SELF = YES;
				CLANG_WARN_OBJC_LITERAL_CONVERSION = YES;
				CLANG_WARN_OBJC_ROOT_CLASS = YES_ERROR;
				CLANG_WARN_QUOTED_INCLUDE_IN_FRAMEWORK_HEADER = YES;
				CLANG_WARN_RANGE_LOOP_ANALYSIS = YES;
				CLANG_WARN_STRICT_PROTOTYPES = YES;
				CLANG_WARN_SUSPICIOUS_MOVE = YES;
				CLANG_WARN_UNGUARDED_AVAILABILITY = YES_AGGRESSIVE;
				CLANG_WARN_UNREACHABLE_CODE = YES;
				CLANG_WARN__DUPLICATE_METHOD_MATCH = YES;
				COPY_PHASE_STRIP = NO;
				DEBUG_INFORMATION_FORMAT = "dwarf-with-dsym";
				ENABLE_NS_ASSERTIONS = NO;
				ENABLE_STRICT_OBJC_MSGSEND = YES;
				ENABLE_USER_SCRIPT_SANDBOXING = YES;
				GCC_C_LANGUAGE_STANDARD = gnu17;
				GCC_NO_COMMON_BLOCKS = YES;
				GCC_WARN_64_TO_32_BIT_CONVERSION = YES;
				GCC_WARN_ABOUT_RETURN_TYPE = YES_ERROR;
				GCC_WARN_UNDECLARED_SELECTOR = YES;
				GCC_WARN_UNINITIALIZED_AUTOS = YES_AGGRESSIVE;
				GCC_WARN_UNUSED_FUNCTION = YES;
				GCC_WARN_UNUSED_VARIABLE = YES;
				LOCALIZATION_PREFERS_STRING_CATALOGS = YES;
				MTL_ENABLE_DEBUG_INFO = NO;
				MTL_FAST_MATH = YES;
				SWIFT_COMPILATION_MODE = wholemodule;
			};
			name = Release;
		};
		34B099032FE5875F00360BDC /* Debug */ = {
			isa = XCBuildConfiguration;
			buildSettings = {
				ASSETCATALOG_COMPILER_APPICON_NAME = AppIcon;
				ASSETCATALOG_COMPILER_GLOBAL_ACCENT_COLOR_NAME = AccentColor;
				CODE_SIGN_STYLE = Automatic;
				CURRENT_PROJECT_VERSION = 1;
				ENABLE_APP_SANDBOX = YES;
				ENABLE_PREVIEWS = YES;
				ENABLE_USER_SELECTED_FILES = readonly;
				GENERATE_INFOPLIST_FILE = YES;
				"INFOPLIST_KEY_UIApplicationSceneManifest_Generation[sdk=iphoneos*]" = YES;
				"INFOPLIST_KEY_UIApplicationSceneManifest_Generation[sdk=iphonesimulator*]" = YES;
				"INFOPLIST_KEY_UIApplicationSupportsIndirectInputEvents[sdk=iphoneos*]" = YES;
				"INFOPLIST_KEY_UIApplicationSupportsIndirectInputEvents[sdk=iphonesimulator*]" = YES;
				"INFOPLIST_KEY_UILaunchScreen_Generation[sdk=iphoneos*]" = YES;
				"INFOPLIST_KEY_UILaunchScreen_Generation[sdk=iphonesimulator*]" = YES;
				"INFOPLIST_KEY_UIStatusBarStyle[sdk=iphoneos*]" = UIStatusBarStyleDefault;
				"INFOPLIST_KEY_UIStatusBarStyle[sdk=iphonesimulator*]" = UIStatusBarStyleDefault;
				INFOPLIST_KEY_UISupportedInterfaceOrientations_iPad = "UIInterfaceOrientationPortrait UIInterfaceOrientationPortraitUpsideDown UIInterfaceOrientationLandscapeLeft UIInterfaceOrientationLandscapeRight";
				INFOPLIST_KEY_UISupportedInterfaceOrientations_iPhone = "UIInterfaceOrientationPortrait UIInterfaceOrientationLandscapeLeft UIInterfaceOrientationLandscapeRight";
				IPHONEOS_DEPLOYMENT_TARGET = 17.0;
				LD_RUNPATH_SEARCH_PATHS = "@executable_path/Frameworks";
				"LD_RUNPATH_SEARCH_PATHS[sdk=macosx*]" = "@executable_path/../Frameworks";
				MACOSX_DEPLOYMENT_TARGET = 26.5;
				MARKETING_VERSION = 1.0;
				PRODUCT_BUNDLE_IDENTIFIER = com.signalzero.portfolio.SocialFeed;
				PRODUCT_NAME = "$(TARGET_NAME)";
				REGISTER_APP_GROUPS = YES;
				SDKROOT = auto;
				STRING_CATALOG_GENERATE_SYMBOLS = YES;
				SUPPORTED_PLATFORMS = "iphoneos iphonesimulator";
				SUPPORTS_MACCATALYST = NO;
				SWIFT_APPROACHABLE_CONCURRENCY = YES;
				SWIFT_DEFAULT_ACTOR_ISOLATION = MainActor;
				SWIFT_EMIT_LOC_STRINGS = YES;
				SWIFT_UPCOMING_FEATURE_MEMBER_IMPORT_VISIBILITY = YES;
				SWIFT_VERSION = 5.0;
				TARGETED_DEVICE_FAMILY = 1;
				XROS_DEPLOYMENT_TARGET = 26.5;
			};
			name = Debug;
		};
		34B099042FE5875F00360BDC /* Release */ = {
			isa = XCBuildConfiguration;
			buildSettings = {
				ASSETCATALOG_COMPILER_APPICON_NAME = AppIcon;
				ASSETCATALOG_COMPILER_GLOBAL_ACCENT_COLOR_NAME = AccentColor;
				CODE_SIGN_STYLE = Automatic;
				CURRENT_PROJECT_VERSION = 1;
				ENABLE_APP_SANDBOX = YES;
				ENABLE_PREVIEWS = YES;
				ENABLE_USER_SELECTED_FILES = readonly;
				GENERATE_INFOPLIST_FILE = YES;
				"INFOPLIST_KEY_UIApplicationSceneManifest_Generation[sdk=iphoneos*]" = YES;
				"INFOPLIST_KEY_UIApplicationSceneManifest_Generation[sdk=iphonesimulator*]" = YES;
				"INFOPLIST_KEY_UIApplicationSupportsIndirectInputEvents[sdk=iphoneos*]" = YES;
				"INFOPLIST_KEY_UIApplicationSupportsIndirectInputEvents[sdk=iphonesimulator*]" = YES;
				"INFOPLIST_KEY_UILaunchScreen_Generation[sdk=iphoneos*]" = YES;
				"INFOPLIST_KEY_UILaunchScreen_Generation[sdk=iphonesimulator*]" = YES;
				"INFOPLIST_KEY_UIStatusBarStyle[sdk=iphoneos*]" = UIStatusBarStyleDefault;
				"INFOPLIST_KEY_UIStatusBarStyle[sdk=iphonesimulator*]" = UIStatusBarStyleDefault;
				INFOPLIST_KEY_UISupportedInterfaceOrientations_iPad = "UIInterfaceOrientationPortrait UIInterfaceOrientationPortraitUpsideDown UIInterfaceOrientationLandscapeLeft UIInterfaceOrientationLandscapeRight";
				INFOPLIST_KEY_UISupportedInterfaceOrientations_iPhone = "UIInterfaceOrientationPortrait UIInterfaceOrientationLandscapeLeft UIInterfaceOrientationLandscapeRight";
				IPHONEOS_DEPLOYMENT_TARGET = 17.0;
				LD_RUNPATH_SEARCH_PATHS = "@executable_path/Frameworks";
				"LD_RUNPATH_SEARCH_PATHS[sdk=macosx*]" = "@executable_path/../Frameworks";
				MACOSX_DEPLOYMENT_TARGET = 26.5;
				MARKETING_VERSION = 1.0;
				PRODUCT_BUNDLE_IDENTIFIER = com.signalzero.portfolio.SocialFeed;
				PRODUCT_NAME = "$(TARGET_NAME)";
				REGISTER_APP_GROUPS = YES;
				SDKROOT = auto;
				STRING_CATALOG_GENERATE_SYMBOLS = YES;
				SUPPORTED_PLATFORMS = "iphoneos iphonesimulator";
				SUPPORTS_MACCATALYST = NO;
				SWIFT_APPROACHABLE_CONCURRENCY = YES;
				SWIFT_DEFAULT_ACTOR_ISOLATION = MainActor;
				SWIFT_EMIT_LOC_STRINGS = YES;
				SWIFT_UPCOMING_FEATURE_MEMBER_IMPORT_VISIBILITY = YES;
				SWIFT_VERSION = 5.0;
				TARGETED_DEVICE_FAMILY = 1;
				XROS_DEPLOYMENT_TARGET = 26.5;
			};
			name = Release;
		};
		34B099062FE5875F00360BDC /* Debug */ = {
			isa = XCBuildConfiguration;
			buildSettings = {
				BUNDLE_LOADER = "$(TEST_HOST)";
				CODE_SIGN_STYLE = Automatic;
				CURRENT_PROJECT_VERSION = 1;
				GENERATE_INFOPLIST_FILE = YES;
				IPHONEOS_DEPLOYMENT_TARGET = 26.5;
				MACOSX_DEPLOYMENT_TARGET = 26.5;
				MARKETING_VERSION = 1.0;
				PRODUCT_BUNDLE_IDENTIFIER = com.signalzero.portfolio.SocialFeedTests;
				PRODUCT_NAME = "$(TARGET_NAME)";
				SDKROOT = auto;
				STRING_CATALOG_GENERATE_SYMBOLS = NO;
				SUPPORTED_PLATFORMS = "iphoneos iphonesimulator macosx xros xrsimulator";
				SWIFT_APPROACHABLE_CONCURRENCY = YES;
				SWIFT_EMIT_LOC_STRINGS = NO;
				SWIFT_UPCOMING_FEATURE_MEMBER_IMPORT_VISIBILITY = YES;
				SWIFT_VERSION = 5.0;
				TARGETED_DEVICE_FAMILY = "1,2,7";
				TEST_HOST = "$(BUILT_PRODUCTS_DIR)/SocialFeed.app/$(BUNDLE_EXECUTABLE_FOLDER_PATH)/SocialFeed";
				XROS_DEPLOYMENT_TARGET = 26.5;
			};
			name = Debug;
		};
		34B099072FE5875F00360BDC /* Release */ = {
			isa = XCBuildConfiguration;
			buildSettings = {
				BUNDLE_LOADER = "$(TEST_HOST)";
				CODE_SIGN_STYLE = Automatic;
				CURRENT_PROJECT_VERSION = 1;
				GENERATE_INFOPLIST_FILE = YES;
				IPHONEOS_DEPLOYMENT_TARGET = 26.5;
				MACOSX_DEPLOYMENT_TARGET = 26.5;
				MARKETING_VERSION = 1.0;
				PRODUCT_BUNDLE_IDENTIFIER = com.signalzero.portfolio.SocialFeedTests;
				PRODUCT_NAME = "$(TARGET_NAME)";
				SDKROOT = auto;
				STRING_CATALOG_GENERATE_SYMBOLS = NO;
				SUPPORTED_PLATFORMS = "iphoneos iphonesimulator macosx xros xrsimulator";
				SWIFT_APPROACHABLE_CONCURRENCY = YES;
				SWIFT_EMIT_LOC_STRINGS = NO;
				SWIFT_UPCOMING_FEATURE_MEMBER_IMPORT_VISIBILITY = YES;
				SWIFT_VERSION = 5.0;
				TARGETED_DEVICE_FAMILY = "1,2,7";
				TEST_HOST = "$(BUILT_PRODUCTS_DIR)/SocialFeed.app/$(BUNDLE_EXECUTABLE_FOLDER_PATH)/SocialFeed";
				XROS_DEPLOYMENT_TARGET = 26.5;
			};
			name = Release;
		};
		34B099092FE5875F00360BDC /* Debug */ = {
			isa = XCBuildConfiguration;
			buildSettings = {
				CODE_SIGN_STYLE = Automatic;
				CURRENT_PROJECT_VERSION = 1;
				GENERATE_INFOPLIST_FILE = YES;
				IPHONEOS_DEPLOYMENT_TARGET = 26.5;
				MACOSX_DEPLOYMENT_TARGET = 26.5;
				MARKETING_VERSION = 1.0;
				PRODUCT_BUNDLE_IDENTIFIER = com.signalzero.portfolio.SocialFeedUITests;
				PRODUCT_NAME = "$(TARGET_NAME)";
				SDKROOT = auto;
				STRING_CATALOG_GENERATE_SYMBOLS = NO;
				SUPPORTED_PLATFORMS = "iphoneos iphonesimulator macosx xros xrsimulator";
				SWIFT_APPROACHABLE_CONCURRENCY = YES;
				SWIFT_EMIT_LOC_STRINGS = NO;
				SWIFT_UPCOMING_FEATURE_MEMBER_IMPORT_VISIBILITY = YES;
				SWIFT_VERSION = 5.0;
				TARGETED_DEVICE_FAMILY = "1,2,7";
				TEST_TARGET_NAME = SocialFeed;
				XROS_DEPLOYMENT_TARGET = 26.5;
			};
			name = Debug;
		};
		34B0990A2FE5875F00360BDC /* Release */ = {
			isa = XCBuildConfiguration;
			buildSettings = {
				CODE_SIGN_STYLE = Automatic;
				CURRENT_PROJECT_VERSION = 1;
				GENERATE_INFOPLIST_FILE = YES;
				IPHONEOS_DEPLOYMENT_TARGET = 26.5;
				MACOSX_DEPLOYMENT_TARGET = 26.5;
				MARKETING_VERSION = 1.0;
				PRODUCT_BUNDLE_IDENTIFIER = com.signalzero.portfolio.SocialFeedUITests;
				PRODUCT_NAME = "$(TARGET_NAME)";
				SDKROOT = auto;
				STRING_CATALOG_GENERATE_SYMBOLS = NO;
				SUPPORTED_PLATFORMS = "iphoneos iphonesimulator macosx xros xrsimulator";
				SWIFT_APPROACHABLE_CONCURRENCY = YES;
				SWIFT_EMIT_LOC_STRINGS = NO;
				SWIFT_UPCOMING_FEATURE_MEMBER_IMPORT_VISIBILITY = YES;
				SWIFT_VERSION = 5.0;
				TARGETED_DEVICE_FAMILY = "1,2,7";
				TEST_TARGET_NAME = SocialFeed;
				XROS_DEPLOYMENT_TARGET = 26.5;
			};
			name = Release;
		};
/* End XCBuildConfiguration section */

/* Begin XCConfigurationList section */
		34B098DC2FE5875C00360BDC /* Build configuration list for PBXProject "SocialFeed" */ = {
			isa = XCConfigurationList;
			buildConfigurations = (
				34B099002FE5875F00360BDC /* Debug */,
				34B099012FE5875F00360BDC /* Release */,
			);
			defaultConfigurationIsVisible = 0;
			defaultConfigurationName = Release;
		};
		34B099022FE5875F00360BDC /* Build configuration list for PBXNativeTarget "SocialFeed" */ = {
			isa = XCConfigurationList;
			buildConfigurations = (
				34B099032FE5875F00360BDC /* Debug */,
				34B099042FE5875F00360BDC /* Release */,
			);
			defaultConfigurationIsVisible = 0;
			defaultConfigurationName = Release;
		};
		34B099052FE5875F00360BDC /* Build configuration list for PBXNativeTarget "SocialFeedTests" */ = {
			isa = XCConfigurationList;
			buildConfigurations = (
				34B099062FE5875F00360BDC /* Debug */,
				34B099072FE5875F00360BDC /* Release */,
			);
			defaultConfigurationIsVisible = 0;
			defaultConfigurationName = Release;
		};
		34B099082FE5875F00360BDC /* Build configuration list for PBXNativeTarget "SocialFeedUITests" */ = {
			isa = XCConfigurationList;
			buildConfigurations = (
				34B099092FE5875F00360BDC /* Debug */,
				34B0990A2FE5875F00360BDC /* Release */,
			);
			defaultConfigurationIsVisible = 0;
			defaultConfigurationName = Release;
		};
/* End XCConfigurationList section */

/* Begin XCLocalSwiftPackageReference section */
		34B0990B2FE587DA00360BDC /* XCLocalSwiftPackageReference "../../Packages/SocialFeedCore" */ = {
			isa = XCLocalSwiftPackageReference;
			relativePath = ../../Packages/SocialFeedCore;
		};
		34B0990C2FE58CFA00360BDC /* XCLocalSwiftPackageReference "../../Packages/SocialFeedFirebase" */ = {
			isa = XCLocalSwiftPackageReference;
			relativePath = ../../Packages/SocialFeedFirebase;
		};
/* End XCLocalSwiftPackageReference section */

/* Begin XCRemoteSwiftPackageReference section */
		34B099112FE58F6600360BDC /* XCRemoteSwiftPackageReference "firebase-ios-sdk" */ = {
			isa = XCRemoteSwiftPackageReference;
			repositoryURL = "https://github.com/firebase/firebase-ios-sdk";
			requirement = {
				kind = upToNextMajorVersion;
				minimumVersion = 12.15.0;
			};
		};
/* End XCRemoteSwiftPackageReference section */

/* Begin XCSwiftPackageProductDependency section */
		34B099212FE635B600360BDC /* SocialFeedCore */ = {
			isa = XCSwiftPackageProductDependency;
			package = 34B0990B2FE587DA00360BDC /* XCLocalSwiftPackageReference "../../Packages/SocialFeedCore" */;
			productName = SocialFeedCore;
		};
		34B099232FE635BD00360BDC /* SocialFeedFirebase */ = {
			isa = XCSwiftPackageProductDependency;
			package = 34B0990C2FE58CFA00360BDC /* XCLocalSwiftPackageReference "../../Packages/SocialFeedFirebase" */;
			productName = SocialFeedFirebase;
		};
/* End XCSwiftPackageProductDependency section */
	};
	rootObject = 34B098D92FE5875C00360BDC /* Project object */;
}
